
Microsoft Visual Studio Solution File, Format Version 12.00
# Visual Studio 14
VisualStudioVersion = 14.0.23107.0
MinimumVisualStudioVersion = 10.0.40219.1
Project("{FAE04EC0-301F-11D3-BF4B-00C04F79EFBC}") = "AlkemyLabsStudents", "AlkemyLabsStudents\AlkemyLabsStudents.csproj", "{1532237F-72E1-484A-A2AF-3D683D8DEEF0}"
EndProject
Project("{FAE04EC0-301F-11D3-BF4B-00C04F79EFBC}") = "Business", "Business\Business.csproj", "{37842A62-E348-401F-8E7A-28C651638DF3}"
EndProject
Project("{FAE04EC0-301F-11D3-BF4B-00C04F79EFBC}") = "Entities", "Entities\Entities.csproj", "{C7C5869B-8580-45F9-A5A1-D78DAF78AD2A}"
EndProject
Project("{FAE04EC0-301F-11D3-BF4B-00C04F79EFBC}") = "AlkemyDAL", "AlkemyDAL\AlkemyDAL.csproj", "{D1D88803-B28D-4C82-88CD-BEFD43144D92}"
EndProject
Global
	GlobalSection(SolutionConfigurationPlatforms) = preSolution
		Debug|Any CPU = Debug|Any CPU
		Release|Any CPU = Release|Any CPU
	EndGlobalSection
	GlobalSection(ProjectConfigurationPlatforms) = postSolution
		{1532237F-72E1-484A-A2AF-3D683D8DEEF0}.Debug|Any CPU.ActiveCfg = Debug|Any CPU
		{1532237F-72E1-484A-A2AF-3D683D8DEEF0}.Debug|Any CPU.Build.0 = Debug|Any CPU
		{1532237F-72E1-484A-A2AF-3D683D8DEEF0}.Release|Any CPU.ActiveCfg = Release|Any CPU
		{1532237F-72E1-484A-A2AF-3D683D8DEEF0}.Release|Any CPU.Build.0 = Release|Any CPU
		{37842A62-E348-401F-8E7A-28C651638DF3}.Debug|Any CPU.ActiveCfg = Debug|Any CPU
		{37842A62-E348-401F-8E7A-28C651638DF3}.Debug|Any CPU.Build.0 = Debug|Any CPU
		{37842A62-E348-401F-8E7A-28C651638DF3}.Release|Any CPU.ActiveCfg = Release|Any CPU
		{37842A62-E348-401F-8E7A-28C651638DF3}.Release|Any CPU.Build.0 = Release|Any CPU
		{C7C5869B-8580-45F9-A5A1-D78DAF78AD2A}.Debug|Any CPU.ActiveCfg = Debug|Any CPU
		{C7C5869B-8580-45F9-A5A1-D78DAF78AD2A}.Debug|Any CPU.Build.0 = Debug|Any CPU
		{C7C5869B-8580-45F9-A5A1-D78DAF78AD2A}.Release|Any CPU.ActiveCfg = Release|Any CPU
		{C7C5869B-8580-45F9-A5A1-D78DAF78AD2A}.Release|Any CPU.Build.0 = Release|Any CPU
		{D1D88803-B28D-4C82-88CD-BEFD43144D92}.Debug|Any CPU.ActiveCfg = Debug|Any CPU
		{D1D88803-B28D-4C82-88CD-BEFD43144D92}.Debug|Any CPU.Build.0 = Debug|Any CPU
		{D1D88803-B28D-4C82-88CD-BEFD43144D92}.Release|Any CPU.ActiveCfg = Release|Any CPU
		{D1D88803-B28D-4C82-88CD-BEFD43144D92}.Release|Any CPU.Build.0 = Release|Any CPU
	EndGlobalSection
	GlobalSection(SolutionProperties) = preSolution
		HideSolutionNode = FALSE
	EndGlobalSection
EndGlobal
